
Microsoft Visual Studio Solution File, Format Version 12.00
# Visual Studio Version 17
VisualStudioVersion = 17.12.35527.113 d17.12
MinimumVisualStudioVersion = 10.0.40219.1
Project("{FAE04EC0-301F-11D3-BF4B-00C04F79EFBC}") = "Clong.Core", "Clong.Core\Clong.Core.csproj", "{210FB632-04FA-45CE-BD51-75C302234DC1}"
EndProject
Project("{FAE04EC0-301F-11D3-BF4B-00C04F79EFBC}") = "Clong.Kni.Adapter", "Clong.Kni.Adapter\Clong.Kni.Adapter.csproj", "{295A720D-4649-49FA-911E-26CB6131323A}"
EndProject
Project("{FAE04EC0-301F-11D3-BF4B-00C04F79EFBC}") = "Clong.Kni.DesktopGL", "Clong.Kni.DesktopGL\Clong.Kni.DesktopGL.csproj", "{EA6B31FE-5633-4EE5-B742-7FBCF36B880E}"
EndProject
Project("{FAE04EC0-301F-11D3-BF4B-00C04F79EFBC}") = "Clong.Kni.BlazorGL", "Clong.Kni.BlazorGL\Clong.Kni.BlazorGL.csproj", "{6E71ECE2-4905-458C-B40E-467ACFB2720D}"
EndProject
Project("{FAE04EC0-301F-11D3-BF4B-00C04F79EFBC}") = "Clong.Core.Tests", "Clong.Core.Tests\Clong.Core.Tests.csproj", "{1707C97B-C689-466C-809F-87DD5BDEB95F}"
EndProject
Global
	GlobalSection(SolutionConfigurationPlatforms) = preSolution
		Debug|Any CPU = Debug|Any CPU
		Release|Any CPU = Release|Any CPU
	EndGlobalSection
	GlobalSection(ProjectConfigurationPlatforms) = postSolution
		{210FB632-04FA-45CE-BD51-75C302234DC1}.Debug|Any CPU.ActiveCfg = Debug|Any CPU
		{210FB632-04FA-45CE-BD51-75C302234DC1}.Debug|Any CPU.Build.0 = Debug|Any CPU
		{210FB632-04FA-45CE-BD51-75C302234DC1}.Release|Any CPU.ActiveCfg = Release|Any CPU
		{210FB632-04FA-45CE-BD51-75C302234DC1}.Release|Any CPU.Build.0 = Release|Any CPU
		{295A720D-4649-49FA-911E-26CB6131323A}.Debug|Any CPU.ActiveCfg = Debug|Any CPU
		{295A720D-4649-49FA-911E-26CB6131323A}.Debug|Any CPU.Build.0 = Debug|Any CPU
		{295A720D-4649-49FA-911E-26CB6131323A}.Release|Any CPU.ActiveCfg = Release|Any CPU
		{295A720D-4649-49FA-911E-26CB6131323A}.Release|Any CPU.Build.0 = Release|Any CPU
		{EA6B31FE-5633-4EE5-B742-7FBCF36B880E}.Debug|Any CPU.ActiveCfg = Debug|Any CPU
		{EA6B31FE-5633-4EE5-B742-7FBCF36B880E}.Debug|Any CPU.Build.0 = Debug|Any CPU
		{EA6B31FE-5633-4EE5-B742-7FBCF36B880E}.Release|Any CPU.ActiveCfg = Release|Any CPU
		{EA6B31FE-5633-4EE5-B742-7FBCF36B880E}.Release|Any CPU.Build.0 = Release|Any CPU
		{6E71ECE2-4905-458C-B40E-467ACFB2720D}.Debug|Any CPU.ActiveCfg = Debug|Any CPU
		{6E71ECE2-4905-458C-B40E-467ACFB2720D}.Debug|Any CPU.Build.0 = Debug|Any CPU
		{6E71ECE2-4905-458C-B40E-467ACFB2720D}.Release|Any CPU.ActiveCfg = Release|Any CPU
		{6E71ECE2-4905-458C-B40E-467ACFB2720D}.Release|Any CPU.Build.0 = Release|Any CPU
		{1707C97B-C689-466C-809F-87DD5BDEB95F}.Debug|Any CPU.ActiveCfg = Debug|Any CPU
		{1707C97B-C689-466C-809F-87DD5BDEB95F}.Debug|Any CPU.Build.0 = Debug|Any CPU
		{1707C97B-C689-466C-809F-87DD5BDEB95F}.Release|Any CPU.ActiveCfg = Release|Any CPU
		{1707C97B-C689-466C-809F-87DD5BDEB95F}.Release|Any CPU.Build.0 = Release|Any CPU
	EndGlobalSection
	GlobalSection(SolutionProperties) = preSolution
		HideSolutionNode = FALSE
	EndGlobalSection
EndGlobal
